
Microsoft Visual Studio Solution File, Format Version 12.00
# Visual Studio Version 17
VisualStudioVersion = 17.6.33712.159
MinimumVisualStudioVersion = 10.0.40219.1
Project("{FAE04EC0-301F-11D3-BF4B-00C04F79EFBC}") = "CMM", "CMM\CMM.csproj", "{46D7DD0C-1B97-4CAC-B73A-0F19ABD9CDCE}"
EndProject
Global
	GlobalSection(SolutionConfigurationPlatforms) = preSolution
		Debug|Any CPU = Debug|Any CPU
		Release|Any CPU = Release|Any CPU
	EndGlobalSection
	GlobalSection(ProjectConfigurationPlatforms) = postSolution
		{46D7DD0C-1B97-4CAC-B73A-0F19ABD9CDCE}.Debug|Any CPU.ActiveCfg = Debug|Any CPU
		{46D7DD0C-1B97-4CAC-B73A-0F19ABD9CDCE}.Debug|Any CPU.Build.0 = Debug|Any CPU
		{46D7DD0C-1B97-4CAC-B73A-0F19ABD9CDCE}.Release|Any CPU.ActiveCfg = Release|Any CPU
		{46D7DD0C-1B97-4CAC-B73A-0F19ABD9CDCE}.Release|Any CPU.Build.0 = Release|Any CPU
	EndGlobalSection
	GlobalSection(SolutionProperties) = preSolution
		HideSolutionNode = FALSE
	EndGlobalSection
	GlobalSection(ExtensibilityGlobals) = postSolution
		SolutionGuid = {C97ACA97-120E-4376-A932-F3752D240D6E}
	EndGlobalSection
EndGlobal
